
Microsoft Visual Studio Solution File, Format Version 12.00
# Visual Studio Version 17
VisualStudioVersion = 17.3.32825.248
MinimumVisualStudioVersion = 10.0.40219.1
Project("{FAE04EC0-301F-11D3-BF4B-00C04F79EFBC}") = "PetHolaKingdom", "PetHolaKingdom\PetHolaKingdom.csproj", "{FA5DFDF5-7016-4965-B8CD-21710FD19929}"
EndProject
Global
	GlobalSection(SolutionConfigurationPlatforms) = preSolution
		Debug|Any CPU = Debug|Any CPU
		Release|Any CPU = Release|Any CPU
	EndGlobalSection
	GlobalSection(ProjectConfigurationPlatforms) = postSolution
		{FA5DFDF5-7016-4965-B8CD-21710FD19929}.Debug|Any CPU.ActiveCfg = Debug|Any CPU
		{FA5DFDF5-7016-4965-B8CD-21710FD19929}.Debug|Any CPU.Build.0 = Debug|Any CPU
		{FA5DFDF5-7016-4965-B8CD-21710FD19929}.Release|Any CPU.ActiveCfg = Release|Any CPU
		{FA5DFDF5-7016-4965-B8CD-21710FD19929}.Release|Any CPU.Build.0 = Release|Any CPU
	EndGlobalSection
	GlobalSection(SolutionProperties) = preSolution
		HideSolutionNode = FALSE
	EndGlobalSection
	GlobalSection(ExtensibilityGlobals) = postSolution
		SolutionGuid = {6468F3DE-FB90-434A-A6E9-062065886722}
	EndGlobalSection
EndGlobal
